
Microsoft Visual Studio Solution File, Format Version 12.00
# Visual Studio Version 17
VisualStudioVersion = 17.14.36518.9 d17.14
MinimumVisualStudioVersion = 10.0.40219.1
Project("{FAE04EC0-301F-11D3-BF4B-00C04F79EFBC}") = "Vilip.Utilities", "Vilip.Utilities.csproj", "{24EE98B1-EDF8-49F7-BA55-7D156135198C}"
EndProject
Global
	GlobalSection(SolutionConfigurationPlatforms) = preSolution
		Debug|Any CPU = Debug|Any CPU
		Release|Any CPU = Release|Any CPU
	EndGlobalSection
	GlobalSection(ProjectConfigurationPlatforms) = postSolution
		{24EE98B1-EDF8-49F7-BA55-7D156135198C}.Debug|Any CPU.ActiveCfg = Debug|Any CPU
		{24EE98B1-EDF8-49F7-BA55-7D156135198C}.Debug|Any CPU.Build.0 = Debug|Any CPU
		{24EE98B1-EDF8-49F7-BA55-7D156135198C}.Release|Any CPU.ActiveCfg = Release|Any CPU
		{24EE98B1-EDF8-49F7-BA55-7D156135198C}.Release|Any CPU.Build.0 = Release|Any CPU
	EndGlobalSection
	GlobalSection(SolutionProperties) = preSolution
		HideSolutionNode = FALSE
	EndGlobalSection
	GlobalSection(ExtensibilityGlobals) = postSolution
		SolutionGuid = {953E4619-DAF9-4A5E-8869-6E6F724A6EBF}
	EndGlobalSection
EndGlobal
