<Solution>
    <Project Path="Vilip.Utilities.Providers.DockerSecrets/Vilip.Utilities.Providers.DockerSecrets.csproj"></Project>
    <Project Path="Vilip.Utilities.EnvironmentTransformer/Vilip.Utilities.EnvironmentTransformer.csproj"></Project>

    <Folder Name="/tests/">
        <Project Path="tests/Vilip.Utilities.Providers.DockerSecrets/Vilip.Utilities.Providers.DockerSecrets.Tests.csproj" />
        <Project Path="tests/Vilip.Utilities.EnvironmentTransformer/Vilip.Utilities.EnvironmentTransformer.Tests.csproj" />
    </Folder>
</Solution>